
Microsoft Visual Studio Solution File, Format Version 12.00
# Visual Studio Version 16
VisualStudioVersion = 16.0.34114.132
MinimumVisualStudioVersion = 10.0.40219.1
Project("{F184B08F-C81C-45F6-A57F-5ABD9991F28F}") = "LibrosCrudWebform", "LibrosCrudWebform.vbproj", "{86AC1B8C-2DAA-4296-A1CA-B2F91D4D6974}"
EndProject
Global
	GlobalSection(SolutionConfigurationPlatforms) = preSolution
		Debug|Any CPU = Debug|Any CPU
		Release|Any CPU = Release|Any CPU
	EndGlobalSection
	GlobalSection(ProjectConfigurationPlatforms) = postSolution
		{86AC1B8C-2DAA-4296-A1CA-B2F91D4D6974}.Debug|Any CPU.ActiveCfg = Debug|Any CPU
		{86AC1B8C-2DAA-4296-A1CA-B2F91D4D6974}.Debug|Any CPU.Build.0 = Debug|Any CPU
		{86AC1B8C-2DAA-4296-A1CA-B2F91D4D6974}.Release|Any CPU.ActiveCfg = Release|Any CPU
		{86AC1B8C-2DAA-4296-A1CA-B2F91D4D6974}.Release|Any CPU.Build.0 = Release|Any CPU
	EndGlobalSection
	GlobalSection(SolutionProperties) = preSolution
		HideSolutionNode = FALSE
	EndGlobalSection
	GlobalSection(ExtensibilityGlobals) = postSolution
		SolutionGuid = {4E734914-E1E3-4D7E-8789-D7DFA5AA5E40}
	EndGlobalSection
EndGlobal
